# filelock 3.13.0 broke support for multiuserfilelock
# multiuserfilelock 0.0.8 was released with support for 3.13.0
# filelock 3.13.1 restored support for all versions
# multiuserfilelock 0.0.9 removed code that specifically supported 3.13.0
if:
  name: multiuserfilelock
  timestamp_lt: 1698755629000
  version_lt: 0.0.8

then:
  - replace_depends:
      old: filelock !=3.11.0
      new: filelock !=3.11.0,!=3.13.0

---

if:
  name: multiuserfilelock
  timestamp_lt: 1698755629000
  version_eq: 0.0.9

then:
  - replace_depends:
      old: filelock !=3.11.0
      new: filelock !=3.11.0,!=3.13.0
